
Microsoft Visual Studio Solution File, Format Version 12.00
# Visual Studio 2012
Project("{FAE04EC0-301F-11D3-BF4B-00C04F79EFBC}") = "WpfProgressBarPercentage", "WpfProgressBarPercentage\WpfProgressBarPercentage.csproj", "{709E2283-016B-4F70-82F4-57CD3EE98567}"
EndProject
Global
	GlobalSection(SolutionConfigurationPlatforms) = preSolution
		Debug|Any CPU = Debug|Any CPU
		Release|Any CPU = Release|Any CPU
	EndGlobalSection
	GlobalSection(ProjectConfigurationPlatforms) = postSolution
		{709E2283-016B-4F70-82F4-57CD3EE98567}.Debug|Any CPU.ActiveCfg = Debug|Any CPU
		{709E2283-016B-4F70-82F4-57CD3EE98567}.Debug|Any CPU.Build.0 = Debug|Any CPU
		{709E2283-016B-4F70-82F4-57CD3EE98567}.Release|Any CPU.ActiveCfg = Release|Any CPU
		{709E2283-016B-4F70-82F4-57CD3EE98567}.Release|Any CPU.Build.0 = Release|Any CPU
	EndGlobalSection
	GlobalSection(SolutionProperties) = preSolution
		HideSolutionNode = FALSE
	EndGlobalSection
EndGlobal
